{
  "name": "satellite-radar-node-red",
  "version": "1.0.0",
  "lockfileVersion": 3,
  "requires": true,
  "packages": {
    "": {
      "name": "satellite-radar-node-red",
      "version": "1.0.0",
      "dependencies": {
        "node-red-contrib-kafkajs": "0.0.7",
        "node-red-contrib-web-worldmap": "5.8.1",
        "satellite.js": "7.1.0"
      }
    },
    "node_modules/base64url": {
      "version": "3.0.1",
      "resolved": "https://registry.npmjs.org/base64url/-/base64url-3.0.1.tgz",
      "integrity": "sha512-ir1UPr3dkwexU7FdV8qBBbNDRUhMmIekYMFZfi+C/sLNnRESKPl23nB9b2pltqfOQNnGzsDdId90AEtG5tCx4A==",
      "license": "MIT",
      "engines": {
        "node": ">=6.0.0"
      }
    },
    "node_modules/kafkajs": {
      "version": "1.16.0",
      "resolved": "https://registry.npmjs.org/kafkajs/-/kafkajs-1.16.0.tgz",
      "integrity": "sha512-+Rcfu2hyQ/jv5skqRY8xA7Ra+mmRkDAzCaLDYbkGtgsNKpzxPWiLbk8ub0dgr4EbWrN1Zb4BCXHUkD6+zYfdWg==",
      "license": "MIT",
      "engines": {
        "node": ">=10.13.0"
      }
    },
    "node_modules/lodash": {
      "version": "4.18.1",
      "resolved": "https://registry.npmjs.org/lodash/-/lodash-4.18.1.tgz",
      "integrity": "sha512-dMInicTPVE8d1e5otfwmmjlxkZoUpiVLwyeTdUsi/Caj/gfzzblBcCE5sRHV/AsjuCmxWrte2TNGSYuCeCq+0Q==",
      "license": "MIT"
    },
    "node_modules/node-red-contrib-kafkajs": {
      "version": "0.0.7",
      "resolved": "https://registry.npmjs.org/node-red-contrib-kafkajs/-/node-red-contrib-kafkajs-0.0.7.tgz",
      "integrity": "sha512-/egcDbvze75jQgPOZ0bofILjLd7vMAFaG+rqKQH7v0ob3HCyxpfoIrDXbtwuD1FaEN8zEL/Yx1Deesrv7KoUgA==",
      "license": "Apache 2.0",
      "dependencies": {
        "kafkajs": "^1.12.0",
        "passport-keycloak-oauth2-oidc": "^1.0.5",
        "uuid": "^8.3.2"
      }
    },
    "node_modules/node-red-contrib-web-worldmap": {
      "version": "5.8.1",
      "resolved": "https://registry.npmjs.org/node-red-contrib-web-worldmap/-/node-red-contrib-web-worldmap-5.8.1.tgz",
      "integrity": "sha512-XBAhFtpQrFngq1h+foA0wftxWc4wHjPEBMXjjw7O6bJgh3Vsa80lG1yr9QFWQZ5rGeULHVBgQtCrb+owlKChbw==",
      "bundleDependencies": [
        "cgi",
        "compression",
        "express",
        "sockjs",
        "@turf/bezier-spline"
      ],
      "license": "Apache-2.0",
      "dependencies": {
        "@turf/bezier-spline": "7.3.5",
        "cgi": "0.3.1",
        "compression": "1.8.1",
        "express": "4.22.2",
        "sockjs": "0.3.24"
      },
      "engines": {
        "node": ">=18"
      }
    },
    "node_modules/node-red-contrib-web-worldmap/node_modules/@turf/bezier-spline": {
      "version": "7.3.5",
      "inBundle": true,
      "license": "MIT",
      "dependencies": {
        "@turf/helpers": "7.3.5",
        "@turf/invariant": "7.3.5",
        "@types/geojson": "^7946.0.10",
        "tslib": "^2.8.1"
      },
      "funding": {
        "url": "https://opencollective.com/turf"
      }
    },
    "node_modules/node-red-contrib-web-worldmap/node_modules/@turf/helpers": {
      "version": "7.3.5",
      "inBundle": true,
      "license": "MIT",
      "dependencies": {
        "@types/geojson": "^7946.0.10",
        "tslib": "^2.8.1"
      },
      "funding": {
        "url": "https://opencollective.com/turf"
      }
    },
    "node_modules/node-red-contrib-web-worldmap/node_modules/@turf/invariant": {
      "version": "7.3.5",
      "inBundle": true,
      "license": "MIT",
      "dependencies": {
        "@turf/helpers": "7.3.5",
        "@types/geojson": "^7946.0.10",
        "tslib": "^2.8.1"
      },
      "funding": {
        "url": "https://opencollective.com/turf"
      }
    },
    "node_modules/node-red-contrib-web-worldmap/node_modules/@types/geojson": {
      "version": "7946.0.16",
      "inBundle": true,
      "license": "MIT"
    },
    "node_modules/node-red-contrib-web-worldmap/node_modules/accepts": {
      "version": "1.3.8",
      "inBundle": true,
      "license": "MIT",
      "dependencies": {
        "mime-types": "~2.1.34",
        "negotiator": "0.6.3"
      },
      "engines": {
        "node": ">= 0.6"
      }
    },
    "node_modules/node-red-contrib-web-worldmap/node_modules/accepts/node_modules/negotiator": {
      "version": "0.6.3",
      "inBundle": true,
      "license": "MIT",
      "engines": {
        "node": ">= 0.6"
      }
    },
    "node_modules/node-red-contrib-web-worldmap/node_modules/array-flatten": {
      "version": "1.1.1",
      "inBundle": true,
      "license": "MIT"
    },
    "node_modules/node-red-contrib-web-worldmap/node_modules/body-parser": {
      "version": "1.20.5",
      "inBundle": true,
      "license": "MIT",
      "dependencies": {
        "bytes": "~3.1.2",
        "content-type": "~1.0.5",
        "debug": "2.6.9",
        "depd": "2.0.0",
        "destroy": "~1.2.0",
        "http-errors": "~2.0.1",
        "iconv-lite": "~0.4.24",
        "on-finished": "~2.4.1",
        "qs": "~6.15.1",
        "raw-body": "~2.5.3",
        "type-is": "~1.6.18",
        "unpipe": "~1.0.0"
      },
      "engines": {
        "node": ">= 0.8",
        "npm": "1.2.8000 || >= 1.4.16"
      }
    },
    "node_modules/node-red-contrib-web-worldmap/node_modules/bufferjs": {
      "version": "3.0.1",
      "inBundle": true,
      "license": "MIT",
      "engines": {
        "node": ">=0.2.0"
      }
    },
    "node_modules/node-red-contrib-web-worldmap/node_modules/bufferlist": {
      "version": "0.1.0",
      "inBundle": true
    },
    "node_modules/node-red-contrib-web-worldmap/node_modules/bytes": {
      "version": "3.1.2",
      "inBundle": true,
      "license": "MIT",
      "engines": {
        "node": ">= 0.8"
      }
    },
    "node_modules/node-red-contrib-web-worldmap/node_modules/call-bind-apply-helpers": {
      "version": "1.0.2",
      "inBundle": true,
      "license": "MIT",
      "dependencies": {
        "es-errors": "^1.3.0",
        "function-bind": "^1.1.2"
      },
      "engines": {
        "node": ">= 0.4"
      }
    },
    "node_modules/node-red-contrib-web-worldmap/node_modules/call-bound": {
      "version": "1.0.4",
      "inBundle": true,
      "license": "MIT",
      "dependencies": {
        "call-bind-apply-helpers": "^1.0.2",
        "get-intrinsic": "^1.3.0"
      },
      "engines": {
        "node": ">= 0.4"
      },
      "funding": {
        "url": "https://github.com/sponsors/ljharb"
      }
    },
    "node_modules/node-red-contrib-web-worldmap/node_modules/cgi": {
      "version": "0.3.1",
      "inBundle": true,
      "license": "MIT",
      "dependencies": {
        "debug": "2",
        "extend": "~2.0.0",
        "header-stack": "~0.0.2",
        "stream-stack": "~1.1.1"
      }
    },
    "node_modules/node-red-contrib-web-worldmap/node_modules/compressible": {
      "version": "2.0.18",
      "inBundle": true,
      "license": "MIT",
      "dependencies": {
        "mime-db": ">= 1.43.0 < 2"
      },
      "engines": {
        "node": ">= 0.6"
      }
    },
    "node_modules/node-red-contrib-web-worldmap/node_modules/compression": {
      "version": "1.8.1",
      "inBundle": true,
      "license": "MIT",
      "dependencies": {
        "bytes": "3.1.2",
        "compressible": "~2.0.18",
        "debug": "2.6.9",
        "negotiator": "~0.6.4",
        "on-headers": "~1.1.0",
        "safe-buffer": "5.2.1",
        "vary": "~1.1.2"
      },
      "engines": {
        "node": ">= 0.8.0"
      }
    },
    "node_modules/node-red-contrib-web-worldmap/node_modules/content-disposition": {
      "version": "0.5.4",
      "inBundle": true,
      "license": "MIT",
      "dependencies": {
        "safe-buffer": "5.2.1"
      },
      "engines": {
        "node": ">= 0.6"
      }
    },
    "node_modules/node-red-contrib-web-worldmap/node_modules/content-type": {
      "version": "1.0.5",
      "inBundle": true,
      "license": "MIT",
      "engines": {
        "node": ">= 0.6"
      }
    },
    "node_modules/node-red-contrib-web-worldmap/node_modules/cookie": {
      "version": "0.7.2",
      "inBundle": true,
      "license": "MIT",
      "engines": {
        "node": ">= 0.6"
      }
    },
    "node_modules/node-red-contrib-web-worldmap/node_modules/cookie-signature": {
      "version": "1.0.7",
      "inBundle": true,
      "license": "MIT"
    },
    "node_modules/node-red-contrib-web-worldmap/node_modules/debug": {
      "version": "2.6.9",
      "inBundle": true,
      "license": "MIT",
      "dependencies": {
        "ms": "2.0.0"
      }
    },
    "node_modules/node-red-contrib-web-worldmap/node_modules/depd": {
      "version": "2.0.0",
      "inBundle": true,
      "license": "MIT",
      "engines": {
        "node": ">= 0.8"
      }
    },
    "node_modules/node-red-contrib-web-worldmap/node_modules/destroy": {
      "version": "1.2.0",
      "inBundle": true,
      "license": "MIT",
      "engines": {
        "node": ">= 0.8",
        "npm": "1.2.8000 || >= 1.4.16"
      }
    },
    "node_modules/node-red-contrib-web-worldmap/node_modules/dunder-proto": {
      "version": "1.0.1",
      "inBundle": true,
      "license": "MIT",
      "dependencies": {
        "call-bind-apply-helpers": "^1.0.1",
        "es-errors": "^1.3.0",
        "gopd": "^1.2.0"
      },
      "engines": {
        "node": ">= 0.4"
      }
    },
    "node_modules/node-red-contrib-web-worldmap/node_modules/ee-first": {
      "version": "1.1.1",
      "inBundle": true,
      "license": "MIT"
    },
    "node_modules/node-red-contrib-web-worldmap/node_modules/encodeurl": {
      "version": "2.0.0",
      "inBundle": true,
      "license": "MIT",
      "engines": {
        "node": ">= 0.8"
      }
    },
    "node_modules/node-red-contrib-web-worldmap/node_modules/es-define-property": {
      "version": "1.0.1",
      "inBundle": true,
      "license": "MIT",
      "engines": {
        "node": ">= 0.4"
      }
    },
    "node_modules/node-red-contrib-web-worldmap/node_modules/es-errors": {
      "version": "1.3.0",
      "inBundle": true,
      "license": "MIT",
      "engines": {
        "node": ">= 0.4"
      }
    },
    "node_modules/node-red-contrib-web-worldmap/node_modules/es-object-atoms": {
      "version": "1.1.2",
      "inBundle": true,
      "license": "MIT",
      "dependencies": {
        "es-errors": "^1.3.0"
      },
      "engines": {
        "node": ">= 0.4"
      }
    },
    "node_modules/node-red-contrib-web-worldmap/node_modules/escape-html": {
      "version": "1.0.3",
      "inBundle": true,
      "license": "MIT"
    },
    "node_modules/node-red-contrib-web-worldmap/node_modules/etag": {
      "version": "1.8.1",
      "inBundle": true,
      "license": "MIT",
      "engines": {
        "node": ">= 0.6"
      }
    },
    "node_modules/node-red-contrib-web-worldmap/node_modules/express": {
      "version": "4.22.2",
      "inBundle": true,
      "license": "MIT",
      "dependencies": {
        "accepts": "~1.3.8",
        "array-flatten": "1.1.1",
        "body-parser": "~1.20.5",
        "content-disposition": "~0.5.4",
        "content-type": "~1.0.4",
        "cookie": "~0.7.1",
        "cookie-signature": "~1.0.6",
        "debug": "2.6.9",
        "depd": "2.0.0",
        "encodeurl": "~2.0.0",
        "escape-html": "~1.0.3",
        "etag": "~1.8.1",
        "finalhandler": "~1.3.1",
        "fresh": "~0.5.2",
        "http-errors": "~2.0.0",
        "merge-descriptors": "1.0.3",
        "methods": "~1.1.2",
        "on-finished": "~2.4.1",
        "parseurl": "~1.3.3",
        "path-to-regexp": "~0.1.12",
        "proxy-addr": "~2.0.7",
        "qs": "~6.15.1",
        "range-parser": "~1.2.1",
        "safe-buffer": "5.2.1",
        "send": "~0.19.0",
        "serve-static": "~1.16.2",
        "setprototypeof": "1.2.0",
        "statuses": "~2.0.1",
        "type-is": "~1.6.18",
        "utils-merge": "1.0.1",
        "vary": "~1.1.2"
      },
      "engines": {
        "node": ">= 0.10.0"
      },
      "funding": {
        "type": "opencollective",
        "url": "https://opencollective.com/express"
      }
    },
    "node_modules/node-red-contrib-web-worldmap/node_modules/extend": {
      "version": "2.0.2",
      "inBundle": true,
      "license": "MIT"
    },
    "node_modules/node-red-contrib-web-worldmap/node_modules/faye-websocket": {
      "version": "0.11.4",
      "inBundle": true,
      "license": "Apache-2.0",
      "dependencies": {
        "websocket-driver": ">=0.5.1"
      },
      "engines": {
        "node": ">=0.8.0"
      }
    },
    "node_modules/node-red-contrib-web-worldmap/node_modules/finalhandler": {
      "version": "1.3.2",
      "inBundle": true,
      "license": "MIT",
      "dependencies": {
        "debug": "2.6.9",
        "encodeurl": "~2.0.0",
        "escape-html": "~1.0.3",
        "on-finished": "~2.4.1",
        "parseurl": "~1.3.3",
        "statuses": "~2.0.2",
        "unpipe": "~1.0.0"
      },
      "engines": {
        "node": ">= 0.8"
      }
    },
    "node_modules/node-red-contrib-web-worldmap/node_modules/forwarded": {
      "version": "0.2.0",
      "inBundle": true,
      "license": "MIT",
      "engines": {
        "node": ">= 0.6"
      }
    },
    "node_modules/node-red-contrib-web-worldmap/node_modules/fresh": {
      "version": "0.5.2",
      "inBundle": true,
      "license": "MIT",
      "engines": {
        "node": ">= 0.6"
      }
    },
    "node_modules/node-red-contrib-web-worldmap/node_modules/function-bind": {
      "version": "1.1.2",
      "inBundle": true,
      "license": "MIT",
      "funding": {
        "url": "https://github.com/sponsors/ljharb"
      }
    },
    "node_modules/node-red-contrib-web-worldmap/node_modules/get-intrinsic": {
      "version": "1.3.0",
      "inBundle": true,
      "license": "MIT",
      "dependencies": {
        "call-bind-apply-helpers": "^1.0.2",
        "es-define-property": "^1.0.1",
        "es-errors": "^1.3.0",
        "es-object-atoms": "^1.1.1",
        "function-bind": "^1.1.2",
        "get-proto": "^1.0.1",
        "gopd": "^1.2.0",
        "has-symbols": "^1.1.0",
        "hasown": "^2.0.2",
        "math-intrinsics": "^1.1.0"
      },
      "engines": {
        "node": ">= 0.4"
      },
      "funding": {
        "url": "https://github.com/sponsors/ljharb"
      }
    },
    "node_modules/node-red-contrib-web-worldmap/node_modules/get-proto": {
      "version": "1.0.1",
      "inBundle": true,
      "license": "MIT",
      "dependencies": {
        "dunder-proto": "^1.0.1",
        "es-object-atoms": "^1.0.0"
      },
      "engines": {
        "node": ">= 0.4"
      }
    },
    "node_modules/node-red-contrib-web-worldmap/node_modules/gopd": {
      "version": "1.2.0",
      "inBundle": true,
      "license": "MIT",
      "engines": {
        "node": ">= 0.4"
      },
      "funding": {
        "url": "https://github.com/sponsors/ljharb"
      }
    },
    "node_modules/node-red-contrib-web-worldmap/node_modules/has-symbols": {
      "version": "1.1.0",
      "inBundle": true,
      "license": "MIT",
      "engines": {
        "node": ">= 0.4"
      },
      "funding": {
        "url": "https://github.com/sponsors/ljharb"
      }
    },
    "node_modules/node-red-contrib-web-worldmap/node_modules/hasown": {
      "version": "2.0.4",
      "inBundle": true,
      "license": "MIT",
      "dependencies": {
        "function-bind": "^1.1.2"
      },
      "engines": {
        "node": ">= 0.4"
      }
    },
    "node_modules/node-red-contrib-web-worldmap/node_modules/header-stack": {
      "version": "0.0.2",
      "inBundle": true,
      "dependencies": {
        "bufferjs": ">= 0.2.3",
        "bufferlist": ">= 0.0.6",
        "stream-stack": ">= 1.1.1"
      },
      "engines": {
        "node": ">= 0.4.0"
      }
    },
    "node_modules/node-red-contrib-web-worldmap/node_modules/http-errors": {
      "version": "2.0.1",
      "inBundle": true,
      "license": "MIT",
      "dependencies": {
        "depd": "~2.0.0",
        "inherits": "~2.0.4",
        "setprototypeof": "~1.2.0",
        "statuses": "~2.0.2",
        "toidentifier": "~1.0.1"
      },
      "engines": {
        "node": ">= 0.8"
      },
      "funding": {
        "type": "opencollective",
        "url": "https://opencollective.com/express"
      }
    },
    "node_modules/node-red-contrib-web-worldmap/node_modules/http-parser-js": {
      "version": "0.5.10",
      "inBundle": true,
      "license": "MIT"
    },
    "node_modules/node-red-contrib-web-worldmap/node_modules/iconv-lite": {
      "version": "0.4.24",
      "inBundle": true,
      "license": "MIT",
      "dependencies": {
        "safer-buffer": ">= 2.1.2 < 3"
      },
      "engines": {
        "node": ">=0.10.0"
      }
    },
    "node_modules/node-red-contrib-web-worldmap/node_modules/inherits": {
      "version": "2.0.4",
      "inBundle": true,
      "license": "ISC"
    },
    "node_modules/node-red-contrib-web-worldmap/node_modules/ipaddr.js": {
      "version": "1.9.1",
      "inBundle": true,
      "license": "MIT",
      "engines": {
        "node": ">= 0.10"
      }
    },
    "node_modules/node-red-contrib-web-worldmap/node_modules/math-intrinsics": {
      "version": "1.1.0",
      "inBundle": true,
      "license": "MIT",
      "engines": {
        "node": ">= 0.4"
      }
    },
    "node_modules/node-red-contrib-web-worldmap/node_modules/media-typer": {
      "version": "0.3.0",
      "inBundle": true,
      "license": "MIT",
      "engines": {
        "node": ">= 0.6"
      }
    },
    "node_modules/node-red-contrib-web-worldmap/node_modules/merge-descriptors": {
      "version": "1.0.3",
      "inBundle": true,
      "license": "MIT",
      "funding": {
        "url": "https://github.com/sponsors/sindresorhus"
      }
    },
    "node_modules/node-red-contrib-web-worldmap/node_modules/methods": {
      "version": "1.1.2",
      "inBundle": true,
      "license": "MIT",
      "engines": {
        "node": ">= 0.6"
      }
    },
    "node_modules/node-red-contrib-web-worldmap/node_modules/mime": {
      "version": "1.6.0",
      "inBundle": true,
      "license": "MIT",
      "bin": {
        "mime": "cli.js"
      },
      "engines": {
        "node": ">=4"
      }
    },
    "node_modules/node-red-contrib-web-worldmap/node_modules/mime-db": {
      "version": "1.54.0",
      "inBundle": true,
      "license": "MIT",
      "engines": {
        "node": ">= 0.6"
      }
    },
    "node_modules/node-red-contrib-web-worldmap/node_modules/mime-types": {
      "version": "2.1.35",
      "inBundle": true,
      "license": "MIT",
      "dependencies": {
        "mime-db": "1.52.0"
      },
      "engines": {
        "node": ">= 0.6"
      }
    },
    "node_modules/node-red-contrib-web-worldmap/node_modules/mime-types/node_modules/mime-db": {
      "version": "1.52.0",
      "inBundle": true,
      "license": "MIT",
      "engines": {
        "node": ">= 0.6"
      }
    },
    "node_modules/node-red-contrib-web-worldmap/node_modules/ms": {
      "version": "2.0.0",
      "inBundle": true,
      "license": "MIT"
    },
    "node_modules/node-red-contrib-web-worldmap/node_modules/negotiator": {
      "version": "0.6.4",
      "inBundle": true,
      "license": "MIT",
      "engines": {
        "node": ">= 0.6"
      }
    },
    "node_modules/node-red-contrib-web-worldmap/node_modules/object-inspect": {
      "version": "1.13.4",
      "inBundle": true,
      "license": "MIT",
      "engines": {
        "node": ">= 0.4"
      },
      "funding": {
        "url": "https://github.com/sponsors/ljharb"
      }
    },
    "node_modules/node-red-contrib-web-worldmap/node_modules/on-finished": {
      "version": "2.4.1",
      "inBundle": true,
      "license": "MIT",
      "dependencies": {
        "ee-first": "1.1.1"
      },
      "engines": {
        "node": ">= 0.8"
      }
    },
    "node_modules/node-red-contrib-web-worldmap/node_modules/on-headers": {
      "version": "1.1.0",
      "inBundle": true,
      "license": "MIT",
      "engines": {
        "node": ">= 0.8"
      }
    },
    "node_modules/node-red-contrib-web-worldmap/node_modules/parseurl": {
      "version": "1.3.3",
      "inBundle": true,
      "license": "MIT",
      "engines": {
        "node": ">= 0.8"
      }
    },
    "node_modules/node-red-contrib-web-worldmap/node_modules/path-to-regexp": {
      "version": "0.1.13",
      "inBundle": true,
      "license": "MIT"
    },
    "node_modules/node-red-contrib-web-worldmap/node_modules/proxy-addr": {
      "version": "2.0.7",
      "inBundle": true,
      "license": "MIT",
      "dependencies": {
        "forwarded": "0.2.0",
        "ipaddr.js": "1.9.1"
      },
      "engines": {
        "node": ">= 0.10"
      }
    },
    "node_modules/node-red-contrib-web-worldmap/node_modules/qs": {
      "version": "6.15.2",
      "inBundle": true,
      "license": "BSD-3-Clause",
      "dependencies": {
        "side-channel": "^1.1.0"
      },
      "engines": {
        "node": ">=0.6"
      },
      "funding": {
        "url": "https://github.com/sponsors/ljharb"
      }
    },
    "node_modules/node-red-contrib-web-worldmap/node_modules/range-parser": {
      "version": "1.2.1",
      "inBundle": true,
      "license": "MIT",
      "engines": {
        "node": ">= 0.6"
      }
    },
    "node_modules/node-red-contrib-web-worldmap/node_modules/raw-body": {
      "version": "2.5.3",
      "inBundle": true,
      "license": "MIT",
      "dependencies": {
        "bytes": "~3.1.2",
        "http-errors": "~2.0.1",
        "iconv-lite": "~0.4.24",
        "unpipe": "~1.0.0"
      },
      "engines": {
        "node": ">= 0.8"
      }
    },
    "node_modules/node-red-contrib-web-worldmap/node_modules/safe-buffer": {
      "version": "5.2.1",
      "funding": [
        {
          "type": "github",
          "url": "https://github.com/sponsors/feross"
        },
        {
          "type": "patreon",
          "url": "https://www.patreon.com/feross"
        },
        {
          "type": "consulting",
          "url": "https://feross.org/support"
        }
      ],
      "inBundle": true,
      "license": "MIT"
    },
    "node_modules/node-red-contrib-web-worldmap/node_modules/safer-buffer": {
      "version": "2.1.2",
      "inBundle": true,
      "license": "MIT"
    },
    "node_modules/node-red-contrib-web-worldmap/node_modules/send": {
      "version": "0.19.2",
      "inBundle": true,
      "license": "MIT",
      "dependencies": {
        "debug": "2.6.9",
        "depd": "2.0.0",
        "destroy": "1.2.0",
        "encodeurl": "~2.0.0",
        "escape-html": "~1.0.3",
        "etag": "~1.8.1",
        "fresh": "~0.5.2",
        "http-errors": "~2.0.1",
        "mime": "1.6.0",
        "ms": "2.1.3",
        "on-finished": "~2.4.1",
        "range-parser": "~1.2.1",
        "statuses": "~2.0.2"
      },
      "engines": {
        "node": ">= 0.8.0"
      }
    },
    "node_modules/node-red-contrib-web-worldmap/node_modules/send/node_modules/ms": {
      "version": "2.1.3",
      "inBundle": true,
      "license": "MIT"
    },
    "node_modules/node-red-contrib-web-worldmap/node_modules/serve-static": {
      "version": "1.16.3",
      "inBundle": true,
      "license": "MIT",
      "dependencies": {
        "encodeurl": "~2.0.0",
        "escape-html": "~1.0.3",
        "parseurl": "~1.3.3",
        "send": "~0.19.1"
      },
      "engines": {
        "node": ">= 0.8.0"
      }
    },
    "node_modules/node-red-contrib-web-worldmap/node_modules/setprototypeof": {
      "version": "1.2.0",
      "inBundle": true,
      "license": "ISC"
    },
    "node_modules/node-red-contrib-web-worldmap/node_modules/side-channel": {
      "version": "1.1.1",
      "inBundle": true,
      "license": "MIT",
      "dependencies": {
        "es-errors": "^1.3.0",
        "object-inspect": "^1.13.4",
        "side-channel-list": "^1.0.1",
        "side-channel-map": "^1.0.1",
        "side-channel-weakmap": "^1.0.2"
      },
      "engines": {
        "node": ">= 0.4"
      },
      "funding": {
        "url": "https://github.com/sponsors/ljharb"
      }
    },
    "node_modules/node-red-contrib-web-worldmap/node_modules/side-channel-list": {
      "version": "1.0.1",
      "inBundle": true,
      "license": "MIT",
      "dependencies": {
        "es-errors": "^1.3.0",
        "object-inspect": "^1.13.4"
      },
      "engines": {
        "node": ">= 0.4"
      },
      "funding": {
        "url": "https://github.com/sponsors/ljharb"
      }
    },
    "node_modules/node-red-contrib-web-worldmap/node_modules/side-channel-map": {
      "version": "1.0.1",
      "inBundle": true,
      "license": "MIT",
      "dependencies": {
        "call-bound": "^1.0.2",
        "es-errors": "^1.3.0",
        "get-intrinsic": "^1.2.5",
        "object-inspect": "^1.13.3"
      },
      "engines": {
        "node": ">= 0.4"
      },
      "funding": {
        "url": "https://github.com/sponsors/ljharb"
      }
    },
    "node_modules/node-red-contrib-web-worldmap/node_modules/side-channel-weakmap": {
      "version": "1.0.2",
      "inBundle": true,
      "license": "MIT",
      "dependencies": {
        "call-bound": "^1.0.2",
        "es-errors": "^1.3.0",
        "get-intrinsic": "^1.2.5",
        "object-inspect": "^1.13.3",
        "side-channel-map": "^1.0.1"
      },
      "engines": {
        "node": ">= 0.4"
      },
      "funding": {
        "url": "https://github.com/sponsors/ljharb"
      }
    },
    "node_modules/node-red-contrib-web-worldmap/node_modules/sockjs": {
      "version": "0.3.24",
      "inBundle": true,
      "license": "MIT",
      "dependencies": {
        "faye-websocket": "^0.11.3",
        "uuid": "^8.3.2",
        "websocket-driver": "^0.7.4"
      }
    },
    "node_modules/node-red-contrib-web-worldmap/node_modules/sockjs/node_modules/uuid": {
      "version": "8.3.2",
      "resolved": "https://registry.npmjs.org/uuid/-/uuid-8.3.2.tgz",
      "integrity": "sha512-+NYs2QeMWy+GWFOEm9xnn6HCDp0l7QBD7ml8zLUmJ+93Q5NF0NocErnwkTkXVFNiX3/fpC6afS8Dhb/gz7R7eg==",
      "deprecated": "uuid@10 and below is no longer supported.  For ESM codebases, update to uuid@latest.  For CommonJS codebases, use uuid@11 (but be aware this version will likely be deprecated in 2028).",
      "inBundle": true,
      "license": "MIT",
      "bin": {
        "uuid": "dist/bin/uuid"
      }
    },
    "node_modules/node-red-contrib-web-worldmap/node_modules/statuses": {
      "version": "2.0.2",
      "inBundle": true,
      "license": "MIT",
      "engines": {
        "node": ">= 0.8"
      }
    },
    "node_modules/node-red-contrib-web-worldmap/node_modules/stream-stack": {
      "version": "1.1.4",
      "inBundle": true,
      "engines": {
        "node": ">= 0.3.0"
      }
    },
    "node_modules/node-red-contrib-web-worldmap/node_modules/toidentifier": {
      "version": "1.0.1",
      "inBundle": true,
      "license": "MIT",
      "engines": {
        "node": ">=0.6"
      }
    },
    "node_modules/node-red-contrib-web-worldmap/node_modules/tslib": {
      "version": "2.8.1",
      "inBundle": true,
      "license": "0BSD"
    },
    "node_modules/node-red-contrib-web-worldmap/node_modules/type-is": {
      "version": "1.6.18",
      "inBundle": true,
      "license": "MIT",
      "dependencies": {
        "media-typer": "0.3.0",
        "mime-types": "~2.1.24"
      },
      "engines": {
        "node": ">= 0.6"
      }
    },
    "node_modules/node-red-contrib-web-worldmap/node_modules/unpipe": {
      "version": "1.0.0",
      "inBundle": true,
      "license": "MIT",
      "engines": {
        "node": ">= 0.8"
      }
    },
    "node_modules/node-red-contrib-web-worldmap/node_modules/utils-merge": {
      "version": "1.0.1",
      "inBundle": true,
      "license": "MIT",
      "engines": {
        "node": ">= 0.4.0"
      }
    },
    "node_modules/node-red-contrib-web-worldmap/node_modules/vary": {
      "version": "1.1.2",
      "inBundle": true,
      "license": "MIT",
      "engines": {
        "node": ">= 0.8"
      }
    },
    "node_modules/node-red-contrib-web-worldmap/node_modules/websocket-driver": {
      "version": "0.7.5",
      "inBundle": true,
      "license": "Apache-2.0",
      "dependencies": {
        "http-parser-js": ">=0.5.1",
        "safe-buffer": ">=5.1.0",
        "websocket-extensions": ">=0.1.1"
      },
      "engines": {
        "node": ">=0.8.0"
      }
    },
    "node_modules/node-red-contrib-web-worldmap/node_modules/websocket-extensions": {
      "version": "0.1.4",
      "inBundle": true,
      "license": "Apache-2.0",
      "engines": {
        "node": ">=0.8.0"
      }
    },
    "node_modules/oauth": {
      "version": "0.10.2",
      "resolved": "https://registry.npmjs.org/oauth/-/oauth-0.10.2.tgz",
      "integrity": "sha512-JtFnB+8nxDEXgNyniwz573xxbKSOu3R8D40xQKqcjwJ2CDkYqUDI53o6IuzDJBx60Z8VKCm271+t8iFjakrl8Q==",
      "license": "MIT"
    },
    "node_modules/passport-keycloak-oauth2-oidc": {
      "version": "1.0.5",
      "resolved": "https://registry.npmjs.org/passport-keycloak-oauth2-oidc/-/passport-keycloak-oauth2-oidc-1.0.5.tgz",
      "integrity": "sha512-uvZGTFu7MozqOIocDdSlEImEQTaPd8g5Lwbt83SbFqOVvCS3PelKjMQOYoJ7ERL7ELOY6puV0BY+Pw8ExM4EYw==",
      "license": "MIT",
      "dependencies": {
        "lodash": "^4.17.20",
        "passport-oauth2": "^1.5.0"
      }
    },
    "node_modules/passport-oauth2": {
      "version": "1.8.0",
      "resolved": "https://registry.npmjs.org/passport-oauth2/-/passport-oauth2-1.8.0.tgz",
      "integrity": "sha512-cjsQbOrXIDE4P8nNb3FQRCCmJJ/utnFKEz2NX209f7KOHPoX18gF7gBzBbLLsj2/je4KrgiwLLGjf0lm9rtTBA==",
      "license": "MIT",
      "dependencies": {
        "base64url": "3.x.x",
        "oauth": "0.10.x",
        "passport-strategy": "1.x.x",
        "uid2": "0.0.x",
        "utils-merge": "1.x.x"
      },
      "engines": {
        "node": ">= 0.4.0"
      },
      "funding": {
        "type": "github",
        "url": "https://github.com/sponsors/jaredhanson"
      }
    },
    "node_modules/passport-strategy": {
      "version": "1.0.0",
      "resolved": "https://registry.npmjs.org/passport-strategy/-/passport-strategy-1.0.0.tgz",
      "integrity": "sha512-CB97UUvDKJde2V0KDWWB3lyf6PC3FaZP7YxZ2G8OAtn9p4HI9j9JLP9qjOGZFvyl8uwNT8qM+hGnz/n16NI7oA==",
      "engines": {
        "node": ">= 0.4.0"
      }
    },
    "node_modules/satellite.js": {
      "version": "7.1.0",
      "resolved": "https://registry.npmjs.org/satellite.js/-/satellite.js-7.1.0.tgz",
      "integrity": "sha512-U6nRml9Nb7dV9LJPiMNPyna7U7ry+1nXYkOeCEG7K/YbojQQLHHmcjPisp03VNY+HLcbQHqbt7t4t1vQMaKCLQ==",
      "license": "MIT"
    },
    "node_modules/uid2": {
      "version": "0.0.4",
      "resolved": "https://registry.npmjs.org/uid2/-/uid2-0.0.4.tgz",
      "integrity": "sha512-IevTus0SbGwQzYh3+fRsAMTVVPOoIVufzacXcHPmdlle1jUpq7BRL+mw3dgeLanvGZdwwbWhRV6XrcFNdBmjWA==",
      "license": "MIT"
    },
    "node_modules/utils-merge": {
      "version": "1.0.1",
      "resolved": "https://registry.npmjs.org/utils-merge/-/utils-merge-1.0.1.tgz",
      "integrity": "sha512-pMZTvIkT1d+TFGvDOqodOclx0QWkkgi6Tdoa8gC8ffGAAqz9pzPTZWAybbsHHoED/ztMtkv/VoYTYyShUn81hA==",
      "license": "MIT",
      "engines": {
        "node": ">= 0.4.0"
      }
    },
    "node_modules/uuid": {
      "version": "8.3.2",
      "resolved": "https://registry.npmjs.org/uuid/-/uuid-8.3.2.tgz",
      "integrity": "sha512-+NYs2QeMWy+GWFOEm9xnn6HCDp0l7QBD7ml8zLUmJ+93Q5NF0NocErnwkTkXVFNiX3/fpC6afS8Dhb/gz7R7eg==",
      "deprecated": "uuid@10 and below is no longer supported.  For ESM codebases, update to uuid@latest.  For CommonJS codebases, use uuid@11 (but be aware this version will likely be deprecated in 2028).",
      "license": "MIT",
      "bin": {
        "uuid": "dist/bin/uuid"
      }
    }
  }
}
